// !$*UTF8*$!
{
	archiveVersion = 1;
	classes = {
	};
	objectVersion = 50;
	objects = {

/* Begin PBXBuildFile section */
		FE8E84A2230C583200A83171 /* LaunchScreen.storyboard in Resources */ = {isa = PBXBuildFile; fileRef = FE8E84A1230C583200A83171 /* LaunchScreen.storyboard */; };
		FE8E84A9230CB98E00A83171 /* DetailPersonTableView.storyboard in Resources */ = {isa = PBXBuildFile; fileRef = FE8E84A8230CB98E00A83171 /* DetailPersonTableView.storyboard */; };
		FE8E84AC230CEBC400A83171 /* Alert.swift in Sources */ = {isa = PBXBuildFile; fileRef = FE8E84AB230CEBC400A83171 /* Alert.swift */; };
		FEEA39A82309D01600413097 /* AppDelegate.swift in Sources */ = {isa = PBXBuildFile; fileRef = FEEA39A72309D01600413097 /* AppDelegate.swift */; };
		FEEA39AF2309D01D00413097 /* Assets.xcassets in Resources */ = {isa = PBXBuildFile; fileRef = FEEA39AE2309D01D00413097 /* Assets.xcassets */; };
		FEEA39BE2309D0B000413097 /* Person.swift in Sources */ = {isa = PBXBuildFile; fileRef = FEEA39BD2309D0B000413097 /* Person.swift */; };
		FEEA39C32309E82000413097 /* PeopleList.swift in Sources */ = {isa = PBXBuildFile; fileRef = FEEA39C22309E82000413097 /* PeopleList.swift */; };
		FEEA39C52309F10400413097 /* PeopleListTableViewController.swift in Sources */ = {isa = PBXBuildFile; fileRef = FEEA39C42309F10400413097 /* PeopleListTableViewController.swift */; };
		FEEA39C72309F19C00413097 /* PeopleListCell.swift in Sources */ = {isa = PBXBuildFile; fileRef = FEEA39C62309F19C00413097 /* PeopleListCell.swift */; };
		FEEA3A1E230B302300413097 /* Main.storyboard in Resources */ = {isa = PBXBuildFile; fileRef = FEEA3A1C230B302300413097 /* Main.storyboard */; };
		FEEA3A22230B361C00413097 /* DetailPersonTableViewController.swift in Sources */ = {isa = PBXBuildFile; fileRef = FEEA3A21230B361C00413097 /* DetailPersonTableViewController.swift */; };
/* End PBXBuildFile section */

/* Begin PBXFileReference section */
		FE8E84A1230C583200A83171 /* LaunchScreen.storyboard */ = {isa = PBXFileReference; lastKnownFileType = file.storyboard; path = LaunchScreen.storyboard; sourceTree = "<group>"; };
		FE8E84A8230CB98E00A83171 /* DetailPersonTableView.storyboard */ = {isa = PBXFileReference; lastKnownFileType = file.storyboard; path = DetailPersonTableView.storyboard; sourceTree = "<group>"; };
		FE8E84AB230CEBC400A83171 /* Alert.swift */ = {isa = PBXFileReference; lastKnownFileType = sourcecode.swift; path = Alert.swift; sourceTree = "<group>"; };
		FEEA39A42309D01600413097 /* Desafio-lds.app */ = {isa = PBXFileReference; explicitFileType = wrapper.application; includeInIndex = 0; path = "Desafio-lds.app"; sourceTree = BUILT_PRODUCTS_DIR; };
		FEEA39A72309D01600413097 /* AppDelegate.swift */ = {isa = PBXFileReference; lastKnownFileType = sourcecode.swift; path = AppDelegate.swift; sourceTree = "<group>"; };
		FEEA39AE2309D01D00413097 /* Assets.xcassets */ = {isa = PBXFileReference; lastKnownFileType = folder.assetcatalog; path = Assets.xcassets; sourceTree = "<group>"; };
		FEEA39B32309D01D00413097 /* Info.plist */ = {isa = PBXFileReference; lastKnownFileType = text.plist.xml; path = Info.plist; sourceTree = "<group>"; };
		FEEA39BD2309D0B000413097 /* Person.swift */ = {isa = PBXFileReference; lastKnownFileType = sourcecode.swift; path = Person.swift; sourceTree = "<group>"; };
		FEEA39C22309E82000413097 /* PeopleList.swift */ = {isa = PBXFileReference; lastKnownFileType = sourcecode.swift; path = PeopleList.swift; sourceTree = "<group>"; };
		FEEA39C42309F10400413097 /* PeopleListTableViewController.swift */ = {isa = PBXFileReference; lastKnownFileType = sourcecode.swift; path = PeopleListTableViewController.swift; sourceTree = "<group>"; };
		FEEA39C62309F19C00413097 /* PeopleListCell.swift */ = {isa = PBXFileReference; lastKnownFileType = sourcecode.swift; path = PeopleListCell.swift; sourceTree = "<group>"; };
		FEEA3A1C230B302300413097 /* Main.storyboard */ = {isa = PBXFileReference; fileEncoding = 4; lastKnownFileType = file.storyboard; path = Main.storyboard; sourceTree = "<group>"; };
		FEEA3A21230B361C00413097 /* DetailPersonTableViewController.swift */ = {isa = PBXFileReference; lastKnownFileType = sourcecode.swift; path = DetailPersonTableViewController.swift; sourceTree = "<group>"; };
/* End PBXFileReference section */

/* Begin PBXFrameworksBuildPhase section */
		FEEA39A12309D01600413097 /* Frameworks */ = {
			isa = PBXFrameworksBuildPhase;
			buildActionMask = 2147483647;
			files = (
			);
			runOnlyForDeploymentPostprocessing = 0;
		};
/* End PBXFrameworksBuildPhase section */

/* Begin PBXGroup section */
		FE8E849C230C44A300A83171 /* Scenes */ = {
			isa = PBXGroup;
			children = (
				FE8E849E230C44E800A83171 /* Detail */,
				FE8E849D230C44AB00A83171 /* Home */,
			);
			path = Scenes;
			sourceTree = "<group>";
		};
		FE8E849D230C44AB00A83171 /* Home */ = {
			isa = PBXGroup;
			children = (
				FEEA39C42309F10400413097 /* PeopleListTableViewController.swift */,
				FEEA39C62309F19C00413097 /* PeopleListCell.swift */,
				FEEA3A1C230B302300413097 /* Main.storyboard */,
			);
			path = Home;
			sourceTree = "<group>";
		};
		FE8E849E230C44E800A83171 /* Detail */ = {
			isa = PBXGroup;
			children = (
				FEEA3A21230B361C00413097 /* DetailPersonTableViewController.swift */,
				FE8E84A8230CB98E00A83171 /* DetailPersonTableView.storyboard */,
			);
			path = Detail;
			sourceTree = "<group>";
		};
		FE8E84AA230CEBAD00A83171 /* Common */ = {
			isa = PBXGroup;
			children = (
				FE8E84AB230CEBC400A83171 /* Alert.swift */,
			);
			path = Common;
			sourceTree = "<group>";
		};
		FEEA399B2309D01600413097 = {
			isa = PBXGroup;
			children = (
				FEEA39A62309D01600413097 /* Desafio-lds */,
				FEEA39A52309D01600413097 /* Products */,
			);
			sourceTree = "<group>";
		};
		FEEA39A52309D01600413097 /* Products */ = {
			isa = PBXGroup;
			children = (
				FEEA39A42309D01600413097 /* Desafio-lds.app */,
			);
			name = Products;
			sourceTree = "<group>";
		};
		FEEA39A62309D01600413097 /* Desafio-lds */ = {
			isa = PBXGroup;
			children = (
				FE8E84AA230CEBAD00A83171 /* Common */,
				FE8E849C230C44A300A83171 /* Scenes */,
				FEEA39BC2309D0A300413097 /* Models */,
				FEEA39A72309D01600413097 /* AppDelegate.swift */,
				FE8E84A1230C583200A83171 /* LaunchScreen.storyboard */,
				FEEA39AE2309D01D00413097 /* Assets.xcassets */,
				FEEA39B32309D01D00413097 /* Info.plist */,
			);
			path = "Desafio-lds";
			sourceTree = "<group>";
		};
		FEEA39BC2309D0A300413097 /* Models */ = {
			isa = PBXGroup;
			children = (
				FEEA39BD2309D0B000413097 /* Person.swift */,
				FEEA39C22309E82000413097 /* PeopleList.swift */,
			);
			path = Models;
			sourceTree = "<group>";
		};
/* End PBXGroup section */

/* Begin PBXNativeTarget section */
		FEEA39A32309D01600413097 /* Desafio-lds */ = {
			isa = PBXNativeTarget;
			buildConfigurationList = FEEA39B62309D01D00413097 /* Build configuration list for PBXNativeTarget "Desafio-lds" */;
			buildPhases = (
				FEEA39A02309D01600413097 /* Sources */,
				FEEA39A12309D01600413097 /* Frameworks */,
				FEEA39A22309D01600413097 /* Resources */,
			);
			buildRules = (
			);
			dependencies = (
			);
			name = "Desafio-lds";
			productName = "Desafio-lds";
			productReference = FEEA39A42309D01600413097 /* Desafio-lds.app */;
			productType = "com.apple.product-type.application";
		};
/* End PBXNativeTarget section */

/* Begin PBXProject section */
		FEEA399C2309D01600413097 /* Project object */ = {
			isa = PBXProject;
			attributes = {
				LastSwiftUpdateCheck = 1030;
				LastUpgradeCheck = 1030;
				ORGANIZATIONNAME = "Jaisson Monteiro";
				TargetAttributes = {
					FEEA39A32309D01600413097 = {
						CreatedOnToolsVersion = 10.3;
					};
				};
			};
			buildConfigurationList = FEEA399F2309D01600413097 /* Build configuration list for PBXProject "Desafio-lds" */;
			compatibilityVersion = "Xcode 9.3";
			developmentRegion = en;
			hasScannedForEncodings = 0;
			knownRegions = (
				en,
				Base,
			);
			mainGroup = FEEA399B2309D01600413097;
			productRefGroup = FEEA39A52309D01600413097 /* Products */;
			projectDirPath = "";
			projectRoot = "";
			targets = (
				FEEA39A32309D01600413097 /* Desafio-lds */,
			);
		};
/* End PBXProject section */

/* Begin PBXResourcesBuildPhase section */
		FEEA39A22309D01600413097 /* Resources */ = {
			isa = PBXResourcesBuildPhase;
			buildActionMask = 2147483647;
			files = (
				FEEA3A1E230B302300413097 /* Main.storyboard in Resources */,
				FEEA39AF2309D01D00413097 /* Assets.xcassets in Resources */,
				FE8E84A9230CB98E00A83171 /* DetailPersonTableView.storyboard in Resources */,
				FE8E84A2230C583200A83171 /* LaunchScreen.storyboard in Resources */,
			);
			runOnlyForDeploymentPostprocessing = 0;
		};
/* End PBXResourcesBuildPhase section */

/* Begin PBXSourcesBuildPhase section */
		FEEA39A02309D01600413097 /* Sources */ = {
			isa = PBXSourcesBuildPhase;
			buildActionMask = 2147483647;
			files = (
				FEEA39C52309F10400413097 /* PeopleListTableViewController.swift in Sources */,
				FEEA39BE2309D0B000413097 /* Person.swift in Sources */,
				FEEA3A22230B361C00413097 /* DetailPersonTableViewController.swift in Sources */,
				FEEA39C72309F19C00413097 /* PeopleListCell.swift in Sources */,
				FEEA39C32309E82000413097 /* PeopleList.swift in Sources */,
				FEEA39A82309D01600413097 /* AppDelegate.swift in Sources */,
				FE8E84AC230CEBC400A83171 /* Alert.swift in Sources */,
			);
			runOnlyForDeploymentPostprocessing = 0;
		};
/* End PBXSourcesBuildPhase section */

/* Begin XCBuildConfiguration section */
		FEEA39B42309D01D00413097 /* Debug */ = {
			isa = XCBuildConfiguration;
			buildSettings = {
				ALWAYS_SEARCH_USER_PATHS = NO;
				CLANG_ANALYZER_NONNULL = YES;
				CLANG_ANALYZER_NUMBER_OBJECT_CONVERSION = YES_AGGRESSIVE;
				CLANG_CXX_LANGUAGE_STANDARD = "gnu++14";
				CLANG_CXX_LIBRARY = "libc++";
				CLANG_ENABLE_MODULES = YES;
				CLANG_ENABLE_OBJC_ARC = YES;
				CLANG_ENABLE_OBJC_WEAK = YES;
				CLANG_WARN_BLOCK_CAPTURE_AUTORELEASING = YES;
				CLANG_WARN_BOOL_CONVERSION = YES;
				CLANG_WARN_COMMA = YES;
				CLANG_WARN_CONSTANT_CONVERSION = YES;
				CLANG_WARN_DEPRECATED_OBJC_IMPLEMENTATIONS = YES;
				CLANG_WARN_DIRECT_OBJC_ISA_USAGE = YES_ERROR;
				CLANG_WARN_DOCUMENTATION_COMMENTS = YES;
				CLANG_WARN_EMPTY_BODY = YES;
				CLANG_WARN_ENUM_CONVERSION = YES;
				CLANG_WARN_INFINITE_RECURSION = YES;
				CLANG_WARN_INT_CONVERSION = YES;
				CLANG_WARN_NON_LITERAL_NULL_CONVERSION = YES;
				CLANG_WARN_OBJC_IMPLICIT_RETAIN_SELF = YES;
				CLANG_WARN_OBJC_LITERAL_CONVERSION = YES;
				CLANG_WARN_OBJC_ROOT_CLASS = YES_ERROR;
				CLANG_WARN_RANGE_LOOP_ANALYSIS = YES;
				CLANG_WARN_STRICT_PROTOTYPES = YES;
				CLANG_WARN_SUSPICIOUS_MOVE = YES;
				CLANG_WARN_UNGUARDED_AVAILABILITY = YES_AGGRESSIVE;
				CLANG_WARN_UNREACHABLE_CODE = YES;
				CLANG_WARN__DUPLICATE_METHOD_MATCH = YES;
				CODE_SIGN_IDENTITY = "iPhone Developer";
				COPY_PHASE_STRIP = NO;
				DEBUG_INFORMATION_FORMAT = dwarf;
				ENABLE_STRICT_OBJC_MSGSEND = YES;
				ENABLE_TESTABILITY = YES;
				GCC_C_LANGUAGE_STANDARD = gnu11;
				GCC_DYNAMIC_NO_PIC = NO;
				GCC_NO_COMMON_BLOCKS = YES;
				GCC_OPTIMIZATION_LEVEL = 0;
				GCC_PREPROCESSOR_DEFINITIONS = (
					"DEBUG=1",
					"$(inherited)",
				);
				GCC_WARN_64_TO_32_BIT_CONVERSION = YES;
				GCC_WARN_ABOUT_RETURN_TYPE = YES_ERROR;
				GCC_WARN_UNDECLARED_SELECTOR = YES;
				GCC_WARN_UNINITIALIZED_AUTOS = YES_AGGRESSIVE;
				GCC_WARN_UNUSED_FUNCTION = YES;
				GCC_WARN_UNUSED_VARIABLE = YES;
				IPHONEOS_DEPLOYMENT_TARGET = 12.4;
				MTL_ENABLE_DEBUG_INFO = INCLUDE_SOURCE;
				MTL_FAST_MATH = YES;
				ONLY_ACTIVE_ARCH = YES;
				SDKROOT = iphoneos;
				SWIFT_ACTIVE_COMPILATION_CONDITIONS = DEBUG;
				SWIFT_OPTIMIZATION_LEVEL = "-Onone";
			};
			name = Debug;
		};
		FEEA39B52309D01D00413097 /* Release */ = {
			isa = XCBuildConfiguration;
			buildSettings = {
				ALWAYS_SEARCH_USER_PATHS = NO;
				CLANG_ANALYZER_NONNULL = YES;
				CLANG_ANALYZER_NUMBER_OBJECT_CONVERSION = YES_AGGRESSIVE;
				CLANG_CXX_LANGUAGE_STANDARD = "gnu++14";
				CLANG_CXX_LIBRARY = "libc++";
				CLANG_ENABLE_MODULES = YES;
				CLANG_ENABLE_OBJC_ARC = YES;
				CLANG_ENABLE_OBJC_WEAK = YES;
				CLANG_WARN_BLOCK_CAPTURE_AUTORELEASING = YES;
				CLANG_WARN_BOOL_CONVERSION = YES;
				CLANG_WARN_COMMA = YES;
				CLANG_WARN_CONSTANT_CONVERSION = YES;
				CLANG_WARN_DEPRECATED_OBJC_IMPLEMENTATIONS = YES;
				CLANG_WARN_DIRECT_OBJC_ISA_USAGE = YES_ERROR;
				CLANG_WARN_DOCUMENTATION_COMMENTS = YES;
				CLANG_WARN_EMPTY_BODY = YES;
				CLANG_WARN_ENUM_CONVERSION = YES;
				CLANG_WARN_INFINITE_RECURSION = YES;
				CLANG_WARN_INT_CONVERSION = YES;
				CLANG_WARN_NON_LITERAL_NULL_CONVERSION = YES;
				CLANG_WARN_OBJC_IMPLICIT_RETAIN_SELF = YES;
				CLANG_WARN_OBJC_LITERAL_CONVERSION = YES;
				CLANG_WARN_OBJC_ROOT_CLASS = YES_ERROR;
				CLANG_WARN_RANGE_LOOP_ANALYSIS = YES;
				CLANG_WARN_STRICT_PROTOTYPES = YES;
				CLANG_WARN_SUSPICIOUS_MOVE = YES;
				CLANG_WARN_UNGUARDED_AVAILABILITY = YES_AGGRESSIVE;
				CLANG_WARN_UNREACHABLE_CODE = YES;
				CLANG_WARN__DUPLICATE_METHOD_MATCH = YES;
				CODE_SIGN_IDENTITY = "iPhone Developer";
				COPY_PHASE_STRIP = NO;
				DEBUG_INFORMATION_FORMAT = "dwarf-with-dsym";
				ENABLE_NS_ASSERTIONS = NO;
				ENABLE_STRICT_OBJC_MSGSEND = YES;
				GCC_C_LANGUAGE_STANDARD = gnu11;
				GCC_NO_COMMON_BLOCKS = YES;
				GCC_WARN_64_TO_32_BIT_CONVERSION = YES;
				GCC_WARN_ABOUT_RETURN_TYPE = YES_ERROR;
				GCC_WARN_UNDECLARED_SELECTOR = YES;
				GCC_WARN_UNINITIALIZED_AUTOS = YES_AGGRESSIVE;
				GCC_WARN_UNUSED_FUNCTION = YES;
				GCC_WARN_UNUSED_VARIABLE = YES;
				IPHONEOS_DEPLOYMENT_TARGET = 12.4;
				MTL_ENABLE_DEBUG_INFO = NO;
				MTL_FAST_MATH = YES;
				SDKROOT = iphoneos;
				SWIFT_COMPILATION_MODE = wholemodule;
				SWIFT_OPTIMIZATION_LEVEL = "-O";
				VALIDATE_PRODUCT = YES;
			};
			name = Release;
		};
		FEEA39B72309D01D00413097 /* Debug */ = {
			isa = XCBuildConfiguration;
			buildSettings = {
				ASSETCATALOG_COMPILER_APPICON_NAME = AppIcon;
				CODE_SIGN_STYLE = Automatic;
				DEVELOPMENT_TEAM = 62X322HC9N;
				INFOPLIST_FILE = "Desafio-lds/Info.plist";
				LD_RUNPATH_SEARCH_PATHS = (
					"$(inherited)",
					"@executable_path/Frameworks",
				);
				PRODUCT_BUNDLE_IDENTIFIER = "CursoSwift.Desafio-lds";
				PRODUCT_NAME = "$(TARGET_NAME)";
				SWIFT_VERSION = 5.0;
				TARGETED_DEVICE_FAMILY = "1,2";
			};
			name = Debug;
		};
		FEEA39B82309D01D00413097 /* Release */ = {
			isa = XCBuildConfiguration;
			buildSettings = {
				ASSETCATALOG_COMPILER_APPICON_NAME = AppIcon;
				CODE_SIGN_STYLE = Automatic;
				DEVELOPMENT_TEAM = 62X322HC9N;
				INFOPLIST_FILE = "Desafio-lds/Info.plist";
				LD_RUNPATH_SEARCH_PATHS = (
					"$(inherited)",
					"@executable_path/Frameworks",
				);
				PRODUCT_BUNDLE_IDENTIFIER = "CursoSwift.Desafio-lds";
				PRODUCT_NAME = "$(TARGET_NAME)";
				SWIFT_VERSION = 5.0;
				TARGETED_DEVICE_FAMILY = "1,2";
			};
			name = Release;
		};
/* End XCBuildConfiguration section */

/* Begin XCConfigurationList section */
		FEEA399F2309D01600413097 /* Build configuration list for PBXProject "Desafio-lds" */ = {
			isa = XCConfigurationList;
			buildConfigurations = (
				FEEA39B42309D01D00413097 /* Debug */,
				FEEA39B52309D01D00413097 /* Release */,
			);
			defaultConfigurationIsVisible = 0;
			defaultConfigurationName = Release;
		};
		FEEA39B62309D01D00413097 /* Build configuration list for PBXNativeTarget "Desafio-lds" */ = {
			isa = XCConfigurationList;
			buildConfigurations = (
				FEEA39B72309D01D00413097 /* Debug */,
				FEEA39B82309D01D00413097 /* Release */,
			);
			defaultConfigurationIsVisible = 0;
			defaultConfigurationName = Release;
		};
/* End XCConfigurationList section */
	};
	rootObject = FEEA399C2309D01600413097 /* Project object */;
}
